Microsoft Visual Studio Solution File, Format Version 9.00
# Visual Studio 2005
Project("{F184B08F-C81C-45F6-A57F-5ABD9991F28F}") = "DVDPostBuziness", "DVDPostBuziness\DVDPostBuziness.vbproj", "{875CB9D2-5351-44A4-90C1-389E04CA26B3}"
EndProject
Project("{F184B08F-C81C-45F6-A57F-5ABD9991F28F}") = "DvdPostBatch", "DvdPostBatch\DvdPostBatch.vbproj", "{B5617C94-EBA7-4246-92A5-5D754647D6D1}"
EndProject
Project("{F184B08F-C81C-45F6-A57F-5ABD9991F28F}") = "DVDPostLib", "DVDPostLib\DVDPostLib.vbproj", "{BFCDE220-BF28-4A82-A699-16DBE6552121}"
EndProject
Project("{F184B08F-C81C-45F6-A57F-5ABD9991F28F}") = "DVDPost", "BK\DVDPost.vbproj", "{9D043F11-DBB2-4003-BC02-5FD18D9D8CD4}"
EndProject
Project("{F184B08F-C81C-45F6-A57F-5ABD9991F28F}") = "DvdPostData", "DvdPostData\DvdPostData.vbproj", "{CE179D5C-B3B4-4F6B-8B47-84C4F479D130}"
EndProject
Project("{FAE04EC0-301F-11D3-BF4B-00C04F79EFBC}") = "DVDPostTools", "DVDPostTools\DVDPostTools.csproj", "{35D76B95-2EA0-4429-9676-EC1896F9EBD6}"
EndProject
Project("{54435603-DBB4-11D2-8724-00A0C9A8B90C}") = "DvdPostBOSetup", "4BoulesSetup\4BoulesSetup.vdproj", "{74703AC0-C29E-4395-B8C2-C89AE5F3D7F3}"
EndProject
Project("{F184B08F-C81C-45F6-A57F-5ABD9991F28F}") = "dvdpostStart", "dvdpostStart\dvdpostStart.vbproj", "{616BC4FC-EFD0-4FB4-A1B3-6B2CDDDD14AD}"
EndProject
Project("{F184B08F-C81C-45F6-A57F-5ABD9991F28F}") = "BizzLib Old", "BizzLib old\BizzLib Old.vbproj", "{15DD02A3-8D24-4E86-9E24-1F775CE1D7BF}"
EndProject
Global
	GlobalSection(SolutionConfigurationPlatforms) = preSolution
		Debug|Any CPU = Debug|Any CPU
		Debug|x86 = Debug|x86
		Release|Any CPU = Release|Any CPU
		Release|x86 = Release|x86
	EndGlobalSection
	GlobalSection(ProjectConfigurationPlatforms) = postSolution
		{875CB9D2-5351-44A4-90C1-389E04CA26B3}.Debug|Any CPU.ActiveCfg = Debug|Any CPU
		{875CB9D2-5351-44A4-90C1-389E04CA26B3}.Debug|Any CPU.Build.0 = Debug|Any CPU
		{875CB9D2-5351-44A4-90C1-389E04CA26B3}.Debug|x86.ActiveCfg = Debug|Any CPU
		{875CB9D2-5351-44A4-90C1-389E04CA26B3}.Release|Any CPU.ActiveCfg = Release|Any CPU
		{875CB9D2-5351-44A4-90C1-389E04CA26B3}.Release|Any CPU.Build.0 = Release|Any CPU
		{875CB9D2-5351-44A4-90C1-389E04CA26B3}.Release|x86.ActiveCfg = Release|Any CPU
		{B5617C94-EBA7-4246-92A5-5D754647D6D1}.Debug|Any CPU.ActiveCfg = Debug|Any CPU
		{B5617C94-EBA7-4246-92A5-5D754647D6D1}.Debug|Any CPU.Build.0 = Debug|Any CPU
		{B5617C94-EBA7-4246-92A5-5D754647D6D1}.Debug|x86.ActiveCfg = Debug|Any CPU
		{B5617C94-EBA7-4246-92A5-5D754647D6D1}.Release|Any CPU.ActiveCfg = Release|Any CPU
		{B5617C94-EBA7-4246-92A5-5D754647D6D1}.Release|Any CPU.Build.0 = Release|Any CPU
		{B5617C94-EBA7-4246-92A5-5D754647D6D1}.Release|x86.ActiveCfg = Release|Any CPU
		{BFCDE220-BF28-4A82-A699-16DBE6552121}.Debug|Any CPU.ActiveCfg = Debug|Any CPU
		{BFCDE220-BF28-4A82-A699-16DBE6552121}.Debug|Any CPU.Build.0 = Debug|Any CPU
		{BFCDE220-BF28-4A82-A699-16DBE6552121}.Debug|x86.ActiveCfg = Debug|x86
		{BFCDE220-BF28-4A82-A699-16DBE6552121}.Debug|x86.Build.0 = Debug|x86
		{BFCDE220-BF28-4A82-A699-16DBE6552121}.Release|Any CPU.ActiveCfg = Release|Any CPU
		{BFCDE220-BF28-4A82-A699-16DBE6552121}.Release|Any CPU.Build.0 = Release|Any CPU
		{BFCDE220-BF28-4A82-A699-16DBE6552121}.Release|x86.ActiveCfg = Release|x86
		{BFCDE220-BF28-4A82-A699-16DBE6552121}.Release|x86.Build.0 = Release|x86
		{9D043F11-DBB2-4003-BC02-5FD18D9D8CD4}.Debug|Any CPU.ActiveCfg = Debug|Any CPU
		{9D043F11-DBB2-4003-BC02-5FD18D9D8CD4}.Debug|Any CPU.Build.0 = Debug|Any CPU
		{9D043F11-DBB2-4003-BC02-5FD18D9D8CD4}.Debug|x86.ActiveCfg = Debug|x86
		{9D043F11-DBB2-4003-BC02-5FD18D9D8CD4}.Debug|x86.Build.0 = Debug|x86
		{9D043F11-DBB2-4003-BC02-5FD18D9D8CD4}.Release|Any CPU.ActiveCfg = Release|Any CPU
		{9D043F11-DBB2-4003-BC02-5FD18D9D8CD4}.Release|Any CPU.Build.0 = Release|Any CPU
		{9D043F11-DBB2-4003-BC02-5FD18D9D8CD4}.Release|x86.ActiveCfg = Release|x86
		{9D043F11-DBB2-4003-BC02-5FD18D9D8CD4}.Release|x86.Build.0 = Release|x86
		{CE179D5C-B3B4-4F6B-8B47-84C4F479D130}.Debug|Any CPU.ActiveCfg = Debug|Any CPU
		{CE179D5C-B3B4-4F6B-8B47-84C4F479D130}.Debug|Any CPU.Build.0 = Debug|Any CPU
		{CE179D5C-B3B4-4F6B-8B47-84C4F479D130}.Debug|x86.ActiveCfg = Debug|x86
		{CE179D5C-B3B4-4F6B-8B47-84C4F479D130}.Debug|x86.Build.0 = Debug|x86
		{CE179D5C-B3B4-4F6B-8B47-84C4F479D130}.Release|Any CPU.ActiveCfg = Release|Any CPU
		{CE179D5C-B3B4-4F6B-8B47-84C4F479D130}.Release|Any CPU.Build.0 = Release|Any CPU
		{CE179D5C-B3B4-4F6B-8B47-84C4F479D130}.Release|x86.ActiveCfg = Release|x86
		{CE179D5C-B3B4-4F6B-8B47-84C4F479D130}.Release|x86.Build.0 = Release|x86
		{35D76B95-2EA0-4429-9676-EC1896F9EBD6}.Debug|Any CPU.ActiveCfg = Debug|Any CPU
		{35D76B95-2EA0-4429-9676-EC1896F9EBD6}.Debug|Any CPU.Build.0 = Debug|Any CPU
		{35D76B95-2EA0-4429-9676-EC1896F9EBD6}.Debug|x86.ActiveCfg = Debug|x86
		{35D76B95-2EA0-4429-9676-EC1896F9EBD6}.Debug|x86.Build.0 = Debug|x86
		{35D76B95-2EA0-4429-9676-EC1896F9EBD6}.Release|Any CPU.ActiveCfg = Release|Any CPU
		{35D76B95-2EA0-4429-9676-EC1896F9EBD6}.Release|Any CPU.Build.0 = Release|Any CPU
		{35D76B95-2EA0-4429-9676-EC1896F9EBD6}.Release|x86.ActiveCfg = Release|x86
		{35D76B95-2EA0-4429-9676-EC1896F9EBD6}.Release|x86.Build.0 = Release|x86
		{74703AC0-C29E-4395-B8C2-C89AE5F3D7F3}.Debug|Any CPU.ActiveCfg = Debug
		{74703AC0-C29E-4395-B8C2-C89AE5F3D7F3}.Debug|x86.ActiveCfg = Debug
		{74703AC0-C29E-4395-B8C2-C89AE5F3D7F3}.Release|Any CPU.ActiveCfg = Release
		{74703AC0-C29E-4395-B8C2-C89AE5F3D7F3}.Release|x86.ActiveCfg = Release
		{616BC4FC-EFD0-4FB4-A1B3-6B2CDDDD14AD}.Debug|Any CPU.ActiveCfg = Debug|Any CPU
		{616BC4FC-EFD0-4FB4-A1B3-6B2CDDDD14AD}.Debug|Any CPU.Build.0 = Debug|Any CPU
		{616BC4FC-EFD0-4FB4-A1B3-6B2CDDDD14AD}.Debug|x86.ActiveCfg = Debug|x86
		{616BC4FC-EFD0-4FB4-A1B3-6B2CDDDD14AD}.Debug|x86.Build.0 = Debug|x86
		{616BC4FC-EFD0-4FB4-A1B3-6B2CDDDD14AD}.Release|Any CPU.ActiveCfg = Release|Any CPU
		{616BC4FC-EFD0-4FB4-A1B3-6B2CDDDD14AD}.Release|Any CPU.Build.0 = Release|Any CPU
		{616BC4FC-EFD0-4FB4-A1B3-6B2CDDDD14AD}.Release|x86.ActiveCfg = Release|x86
		{616BC4FC-EFD0-4FB4-A1B3-6B2CDDDD14AD}.Release|x86.Build.0 = Release|x86
		{15DD02A3-8D24-4E86-9E24-1F775CE1D7BF}.Debug|Any CPU.ActiveCfg = Debug|Any CPU
		{15DD02A3-8D24-4E86-9E24-1F775CE1D7BF}.Debug|x86.ActiveCfg = Debug|Any CPU
		{15DD02A3-8D24-4E86-9E24-1F775CE1D7BF}.Release|Any CPU.ActiveCfg = Release|Any CPU
		{15DD02A3-8D24-4E86-9E24-1F775CE1D7BF}.Release|x86.ActiveCfg = Release|Any CPU
	EndGlobalSection
	GlobalSection(SolutionProperties) = preSolution
		HideSolutionNode = FALSE
	EndGlobalSection
	GlobalSection(SubversionScc) = preSolution
		Svn-Managed = True
		Manager = AnkhSVN - Subversion Support for Visual Studio
	EndGlobalSection
EndGlobal
